
Microsoft Visual Studio Solution File, Format Version 12.00
# Visual Studio Version 17
VisualStudioVersion = 17.8.34322.80
MinimumVisualStudioVersion = 10.0.40219.1
Project("{FAE04EC0-301F-11D3-BF4B-00C04F79EFBC}") = "Test2", "Test2\Test2.csproj", "{EAF65AB8-CB1F-45AA-9778-76A969E70276}"
EndProject
Global
	GlobalSection(SolutionConfigurationPlatforms) = preSolution
		Debug|Any CPU = Debug|Any CPU
		Release|Any CPU = Release|Any CPU
	EndGlobalSection
	GlobalSection(ProjectConfigurationPlatforms) = postSolution
		{EAF65AB8-CB1F-45AA-9778-76A969E70276}.Debug|Any CPU.ActiveCfg = Debug|Any CPU
		{EAF65AB8-CB1F-45AA-9778-76A969E70276}.Debug|Any CPU.Build.0 = Debug|Any CPU
		{EAF65AB8-CB1F-45AA-9778-76A969E70276}.Release|Any CPU.ActiveCfg = Release|Any CPU
		{EAF65AB8-CB1F-45AA-9778-76A969E70276}.Release|Any CPU.Build.0 = Release|Any CPU
	EndGlobalSection
	GlobalSection(SolutionProperties) = preSolution
		HideSolutionNode = FALSE
	EndGlobalSection
	GlobalSection(ExtensibilityGlobals) = postSolution
		SolutionGuid = {2DFA0968-6C7B-4948-A956-9194BA98497B}
	EndGlobalSection
EndGlobal
